
Microsoft Visual Studio Solution File, Format Version 11.00
# Visual Studio 2010
Project("{8BC9CEB8-8B4A-11D0-8D11-00A0C91BC942}") = "LuaCommunications", "LuaCommunications\LuaCommunications.vcxproj", "{1C748522-E51D-4408-9FA1-3BF697667E56}"
EndProject
Project("{8BC9CEB8-8B4A-11D0-8D11-00A0C91BC942}") = "LuaCommModule", "LuaCommModule\LuaCommModule.vcxproj", "{F86BB91C-DA72-4F58-AC17-8EC2E8580F2F}"
EndProject
Global
	GlobalSection(SolutionConfigurationPlatforms) = preSolution
		Debug|Win32 = Debug|Win32
		Release|Win32 = Release|Win32
	EndGlobalSection
	GlobalSection(ProjectConfigurationPlatforms) = postSolution
		{1C748522-E51D-4408-9FA1-3BF697667E56}.Debug|Win32.ActiveCfg = Debug|Win32
		{1C748522-E51D-4408-9FA1-3BF697667E56}.Debug|Win32.Build.0 = Debug|Win32
		{1C748522-E51D-4408-9FA1-3BF697667E56}.Release|Win32.ActiveCfg = Release|Win32
		{1C748522-E51D-4408-9FA1-3BF697667E56}.Release|Win32.Build.0 = Release|Win32
		{F86BB91C-DA72-4F58-AC17-8EC2E8580F2F}.Debug|Win32.ActiveCfg = Debug|Win32
		{F86BB91C-DA72-4F58-AC17-8EC2E8580F2F}.Debug|Win32.Build.0 = Debug|Win32
		{F86BB91C-DA72-4F58-AC17-8EC2E8580F2F}.Release|Win32.ActiveCfg = Release|Win32
		{F86BB91C-DA72-4F58-AC17-8EC2E8580F2F}.Release|Win32.Build.0 = Release|Win32
	EndGlobalSection
	GlobalSection(SolutionProperties) = preSolution
		HideSolutionNode = FALSE
	EndGlobalSection
EndGlobal
