<?xml version="1.0" encoding="utf-8"?>
<Project ToolsVersion="4.0" xmlns="http://schemas.microsoft.com/developer/msbuild/2003">
  <ItemGroup>
    <Filter Include="Source Files">
      <UniqueIdentifier>{4FC737F1-C7A5-4376-A066-2A32D752A2FF}</UniqueIdentifier>
      <Extensions>cpp;c;cc;cxx;def;odl;idl;hpj;bat;asm;asmx</Extensions>
    </Filter>
    <Filter Include="Header Files">
      <UniqueIdentifier>{93995380-89BD-4b04-88EB-625FBE52EBFB}</UniqueIdentifier>
      <Extensions>h;hpp;hxx;hm;inl;inc;xsd</Extensions>
    </Filter>
    <Filter Include="Resource Files">
      <UniqueIdentifier>{67DA6AB6-F800-4c08-8B7A-83BB121AAD01}</UniqueIdentifier>
      <Extensions>rc;ico;cur;bmp;dlg;rc2;rct;bin;rgs;gif;jpg;jpeg;jpe;resx;tiff;tif;png;wav</Extensions>
    </Filter>
  </ItemGroup>
  <ItemGroup>
    <ClCompile Include="darksidesync.c">
      <Filter>Source Files</Filter>
    </ClCompile>
    <ClCompile Include="darksidesync_aux.c">
      <Filter>Source Files</Filter>
    </ClCompile>
    <ClCompile Include="locking.c">
      <Filter>Source Files</Filter>
    </ClCompile>
    <ClCompile Include="udpsocket.c">
      <Filter>Source Files</Filter>
    </ClCompile>
    <ClCompile Include="waithandle.c">
      <Filter>Source Files</Filter>
    </ClCompile>
    <ClCompile Include="delivery.c">
      <Filter>Source Files</Filter>
    </ClCompile>
  </ItemGroup>
  <ItemGroup>
    <None Include="debug.lua">
      <Filter>Source Files</Filter>
    </None>
    <None Include="dss.lua">
      <Filter>Source Files</Filter>
    </None>
    <None Include="dss_test.lua">
      <Filter>Source Files</Filter>
    </None>
    <None Include="install.bat">
      <Filter>Resource Files</Filter>
    </None>
    <None Include="locking_sequence.txt">
      <Filter>Resource Files</Filter>
    </None>
    <None Include="..\readme.md">
      <Filter>Resource Files</Filter>
    </None>
  </ItemGroup>
  <ItemGroup>
    <ClInclude Include="darksidesync.h">
      <Filter>Header Files</Filter>
    </ClInclude>
    <ClInclude Include="darksidesync_api.h">
      <Filter>Header Files</Filter>
    </ClInclude>
    <ClInclude Include="locking.h">
      <Filter>Header Files</Filter>
    </ClInclude>
    <ClInclude Include="udpsocket.h">
      <Filter>Header Files</Filter>
    </ClInclude>
    <ClInclude Include="waithandle.h">
      <Filter>Header Files</Filter>
    </ClInclude>
    <ClInclude Include="delivery.h">
      <Filter>Header Files</Filter>
    </ClInclude>
  </ItemGroup>
</Project>